
Microsoft Visual Studio Solution File, Format Version 12.00
# Visual Studio Version 17
VisualStudioVersion = 17.7.34202.233
MinimumVisualStudioVersion = 10.0.40219.1
Project("{FAE04EC0-301F-11D3-BF4B-00C04F79EFBC}") = "netMauiEjercicio1_4", "netMauiEjercicio1_4.csproj", "{A91A0229-C6A1-428D-A287-5722646B6F03}"
EndProject
Global
	GlobalSection(SolutionConfigurationPlatforms) = preSolution
		Debug|Any CPU = Debug|Any CPU
		Release|Any CPU = Release|Any CPU
	EndGlobalSection
	GlobalSection(ProjectConfigurationPlatforms) = postSolution
		{A91A0229-C6A1-428D-A287-5722646B6F03}.Debug|Any CPU.ActiveCfg = Debug|Any CPU
		{A91A0229-C6A1-428D-A287-5722646B6F03}.Debug|Any CPU.Build.0 = Debug|Any CPU
		{A91A0229-C6A1-428D-A287-5722646B6F03}.Debug|Any CPU.Deploy.0 = Debug|Any CPU
		{A91A0229-C6A1-428D-A287-5722646B6F03}.Release|Any CPU.ActiveCfg = Release|Any CPU
		{A91A0229-C6A1-428D-A287-5722646B6F03}.Release|Any CPU.Build.0 = Release|Any CPU
		{A91A0229-C6A1-428D-A287-5722646B6F03}.Release|Any CPU.Deploy.0 = Release|Any CPU
	EndGlobalSection
	GlobalSection(SolutionProperties) = preSolution
		HideSolutionNode = FALSE
	EndGlobalSection
	GlobalSection(ExtensibilityGlobals) = postSolution
		SolutionGuid = {B9B898A8-4FDE-4038-8F93-7C1419F0FB7A}
	EndGlobalSection
EndGlobal
